
Microsoft Visual Studio Solution File, Format Version 12.00
# Visual Studio 15
VisualStudioVersion = 15.0.28307.329
MinimumVisualStudioVersion = 10.0.40219.1
Project("{FAE04EC0-301F-11D3-BF4B-00C04F79EFBC}") = "RedisMessagePackFormatter", "RedisMessagePackFormatter\RedisMessagePackFormatter.csproj", "{47D95161-E9C2-436B-81AC-B419AA7DCB61}"
EndProject
Global
	GlobalSection(SolutionConfigurationPlatforms) = preSolution
		Debug|Any CPU = Debug|Any CPU
		Release|Any CPU = Release|Any CPU
	EndGlobalSection
	GlobalSection(ProjectConfigurationPlatforms) = postSolution
		{47D95161-E9C2-436B-81AC-B419AA7DCB61}.Debug|Any CPU.ActiveCfg = Debug|Any CPU
		{47D95161-E9C2-436B-81AC-B419AA7DCB61}.Debug|Any CPU.Build.0 = Debug|Any CPU
		{47D95161-E9C2-436B-81AC-B419AA7DCB61}.Release|Any CPU.ActiveCfg = Release|Any CPU
		{47D95161-E9C2-436B-81AC-B419AA7DCB61}.Release|Any CPU.Build.0 = Release|Any CPU
	EndGlobalSection
	GlobalSection(SolutionProperties) = preSolution
		HideSolutionNode = FALSE
	EndGlobalSection
	GlobalSection(ExtensibilityGlobals) = postSolution
		SolutionGuid = {D7F0AE3A-9952-4E34-8783-39D89FD59769}
	EndGlobalSection
EndGlobal
